
Microsoft Visual Studio Solution File, Format Version 12.00
# Visual Studio Version 16
VisualStudioVersion = 16.0.30907.101
MinimumVisualStudioVersion = 10.0.40219.1
Project("{FAE04EC0-301F-11D3-BF4B-00C04F79EFBC}") = "SWD-functional-fun", "SWD-functional-fun\SWD-functional-fun.csproj", "{F003F262-719E-4C84-A6D2-80C4AE7BB167}"
EndProject
Project("{FAE04EC0-301F-11D3-BF4B-00C04F79EFBC}") = "RomertalLib", "RomertalLib\RomertalLib.csproj", "{9940B952-9CD3-42BD-8B15-F71D76188A45}"
EndProject
Project("{FAE04EC0-301F-11D3-BF4B-00C04F79EFBC}") = "romertalTest", "romertalTest\romertalTest.csproj", "{E4DB6A9B-1266-4575-A10B-628D29D25E67}"
EndProject
Global
	GlobalSection(SolutionConfigurationPlatforms) = preSolution
		Debug|Any CPU = Debug|Any CPU
		Release|Any CPU = Release|Any CPU
	EndGlobalSection
	GlobalSection(ProjectConfigurationPlatforms) = postSolution
		{F003F262-719E-4C84-A6D2-80C4AE7BB167}.Debug|Any CPU.ActiveCfg = Debug|Any CPU
		{F003F262-719E-4C84-A6D2-80C4AE7BB167}.Debug|Any CPU.Build.0 = Debug|Any CPU
		{F003F262-719E-4C84-A6D2-80C4AE7BB167}.Release|Any CPU.ActiveCfg = Release|Any CPU
		{F003F262-719E-4C84-A6D2-80C4AE7BB167}.Release|Any CPU.Build.0 = Release|Any CPU
		{9940B952-9CD3-42BD-8B15-F71D76188A45}.Debug|Any CPU.ActiveCfg = Debug|Any CPU
		{9940B952-9CD3-42BD-8B15-F71D76188A45}.Debug|Any CPU.Build.0 = Debug|Any CPU
		{9940B952-9CD3-42BD-8B15-F71D76188A45}.Release|Any CPU.ActiveCfg = Release|Any CPU
		{9940B952-9CD3-42BD-8B15-F71D76188A45}.Release|Any CPU.Build.0 = Release|Any CPU
		{E4DB6A9B-1266-4575-A10B-628D29D25E67}.Debug|Any CPU.ActiveCfg = Debug|Any CPU
		{E4DB6A9B-1266-4575-A10B-628D29D25E67}.Debug|Any CPU.Build.0 = Debug|Any CPU
		{E4DB6A9B-1266-4575-A10B-628D29D25E67}.Release|Any CPU.ActiveCfg = Release|Any CPU
		{E4DB6A9B-1266-4575-A10B-628D29D25E67}.Release|Any CPU.Build.0 = Release|Any CPU
	EndGlobalSection
	GlobalSection(SolutionProperties) = preSolution
		HideSolutionNode = FALSE
	EndGlobalSection
	GlobalSection(ExtensibilityGlobals) = postSolution
		SolutionGuid = {B0D50E22-08AD-4BE7-9B28-54982194547A}
	EndGlobalSection
EndGlobal
